github.com/Juuliuus/juusmenu v1.0.0 h1:SX/AUOjOAn8pCaYHS3AXe37h77ZrgwNcuH4ITu50GTk=
github.com/Juuliuus/juusmenu v1.0.0/go.mod h1:C6P1ANFl/ITpJ3AwR+adihav47WSRAvcQ1VSion92Zo=
github.com/Juuliuus/juusprime v1.0.1 h1:DrIukEqhdAVZWbwqfW8dCnhmU+dIw0smNlxPg9YISlQ=
github.com/Juuliuus/juusprime v1.0.1/go.mod h1:y5cx64mlW1W7KP9IfR08vJMlqmCaE4jFQfUmhk7p1Mg=
